
Microsoft Visual Studio Solution File, Format Version 12.00
# Visual Studio Version 17
VisualStudioVersion = 17.7.34024.191
MinimumVisualStudioVersion = 10.0.40219.1
Project("{FAE04EC0-301F-11D3-BF4B-00C04F79EFBC}") = "WebApplication1", "WebApplication1\WebApplication1.csproj", "{13F53538-6FE9-42F2-B6A2-327D5B027145}"
EndProject
Global
	GlobalSection(SolutionConfigurationPlatforms) = preSolution
		Debug|Any CPU = Debug|Any CPU
		Release|Any CPU = Release|Any CPU
	EndGlobalSection
	GlobalSection(ProjectConfigurationPlatforms) = postSolution
		{13F53538-6FE9-42F2-B6A2-327D5B027145}.Debug|Any CPU.ActiveCfg = Debug|Any CPU
		{13F53538-6FE9-42F2-B6A2-327D5B027145}.Debug|Any CPU.Build.0 = Debug|Any CPU
		{13F53538-6FE9-42F2-B6A2-327D5B027145}.Release|Any CPU.ActiveCfg = Release|Any CPU
		{13F53538-6FE9-42F2-B6A2-327D5B027145}.Release|Any CPU.Build.0 = Release|Any CPU
	EndGlobalSection
	GlobalSection(SolutionProperties) = preSolution
		HideSolutionNode = FALSE
	EndGlobalSection
	GlobalSection(ExtensibilityGlobals) = postSolution
		SolutionGuid = {EC402E04-A4AF-4A13-AC53-A69D45FEE2DB}
	EndGlobalSection
EndGlobal
